
Microsoft Visual Studio Solution File, Format Version 12.00
# Visual Studio Version 16
VisualStudioVersion = 16.0.30413.136
MinimumVisualStudioVersion = 10.0.40219.1
Project("{FAE04EC0-301F-11D3-BF4B-00C04F79EFBC}") = "app", "app\app.csproj", "{30DD9130-B1D1-42C3-AF9C-375EF6250C8C}"
EndProject
Global
	GlobalSection(SolutionConfigurationPlatforms) = preSolution
		Debug|Any CPU = Debug|Any CPU
		Release|Any CPU = Release|Any CPU
	EndGlobalSection
	GlobalSection(ProjectConfigurationPlatforms) = postSolution
		{30DD9130-B1D1-42C3-AF9C-375EF6250C8C}.Debug|Any CPU.ActiveCfg = Debug|Any CPU
		{30DD9130-B1D1-42C3-AF9C-375EF6250C8C}.Debug|Any CPU.Build.0 = Debug|Any CPU
		{30DD9130-B1D1-42C3-AF9C-375EF6250C8C}.Release|Any CPU.ActiveCfg = Release|Any CPU
		{30DD9130-B1D1-42C3-AF9C-375EF6250C8C}.Release|Any CPU.Build.0 = Release|Any CPU
	EndGlobalSection
	GlobalSection(SolutionProperties) = preSolution
		HideSolutionNode = FALSE
	EndGlobalSection
	GlobalSection(ExtensibilityGlobals) = postSolution
		SolutionGuid = {26B99427-9079-4689-A3C5-34B026E47143}
	EndGlobalSection
EndGlobal
